
Microsoft Visual Studio Solution File, Format Version 12.00
# Visual Studio Version 17
VisualStudioVersion = 17.3.32922.545
MinimumVisualStudioVersion = 10.0.40219.1
Project("{FAE04EC0-301F-11D3-BF4B-00C04F79EFBC}") = "WinFormsApp1", "WinFormsApp1\WinFormsApp1.csproj", "{434ABBDE-3ED5-43B4-8F54-1359DDECB574}"
EndProject
Global
	GlobalSection(SolutionConfigurationPlatforms) = preSolution
		Debug|Any CPU = Debug|Any CPU
		Release|Any CPU = Release|Any CPU
	EndGlobalSection
	GlobalSection(ProjectConfigurationPlatforms) = postSolution
		{434ABBDE-3ED5-43B4-8F54-1359DDECB574}.Debug|Any CPU.ActiveCfg = Debug|Any CPU
		{434ABBDE-3ED5-43B4-8F54-1359DDECB574}.Debug|Any CPU.Build.0 = Debug|Any CPU
		{434ABBDE-3ED5-43B4-8F54-1359DDECB574}.Release|Any CPU.ActiveCfg = Release|Any CPU
		{434ABBDE-3ED5-43B4-8F54-1359DDECB574}.Release|Any CPU.Build.0 = Release|Any CPU
	EndGlobalSection
	GlobalSection(SolutionProperties) = preSolution
		HideSolutionNode = FALSE
	EndGlobalSection
	GlobalSection(ExtensibilityGlobals) = postSolution
		SolutionGuid = {B4FBADD7-ECAD-424D-A2B4-1A32FFDFA7D0}
	EndGlobalSection
EndGlobal
